<?xml version="1.0" encoding="utf-8"?>
<Project ToolsVersion="4.0" xmlns="http://schemas.microsoft.com/developer/msbuild/2003">
  <ItemGroup>
    <Filter Include="Source Files">
      <UniqueIdentifier>{4FC737F1-C7A5-4376-A066-2A32D752A2FF}</UniqueIdentifier>
      <Extensions>cpp;c;cc;cxx;c++;cppm;ixx;def;odl;idl;hpj;bat;asm;asmx</Extensions>
    </Filter>
    <Filter Include="Header Files">
      <UniqueIdentifier>{93995380-89BD-4b04-88EB-625FBE52EBFB}</UniqueIdentifier>
      <Extensions>h;hh;hpp;hxx;h++;hm;inl;inc;ipp;xsd</Extensions>
    </Filter>
    <Filter Include="Header Files\gameObj">
      <UniqueIdentifier>{ff9a19d0-75c0-4779-86ff-f20d7446f234}</UniqueIdentifier>
    </Filter>
    <Filter Include="Source Files\gameObj">
      <UniqueIdentifier>{ca5fb422-6a9b-4591-97d0-8661dabe3b33}</UniqueIdentifier>
    </Filter>
    <Filter Include="Header Files\gameObj\render">
      <UniqueIdentifier>{ddf6716d-b9cc-4802-ab4c-b13d0fe45f82}</UniqueIdentifier>
    </Filter>
    <Filter Include="olc::PGE">
      <UniqueIdentifier>{0ebc0167-4ba6-47e4-93df-4984963d5751}</UniqueIdentifier>
    </Filter>
    <Filter Include="Header Files\gameObj\management">
      <UniqueIdentifier>{886a9672-46a0-46f4-a068-e12dce07d024}</UniqueIdentifier>
    </Filter>
    <Filter Include="Header Files\gameObj\entities">
      <UniqueIdentifier>{2a6abf62-06d5-4f89-a9e3-f572fb2f7d2f}</UniqueIdentifier>
    </Filter>
    <Filter Include="Source Files\gameObj\entities">
      <UniqueIdentifier>{df2376d0-03f2-4c26-aabc-0cfcf53c4a2c}</UniqueIdentifier>
    </Filter>
  </ItemGroup>
  <ItemGroup>
    <ClCompile Include="game.cpp">
      <Filter>Source Files</Filter>
    </ClCompile>
    <ClCompile Include="ResourceManager.cpp">
      <Filter>Source Files\gameObj</Filter>
    </ClCompile>
    <ClCompile Include="LazySprite.cpp">
      <Filter>Source Files\gameObj</Filter>
    </ClCompile>
    <ClCompile Include="SimpleSprite.cpp">
      <Filter>Source Files\gameObj</Filter>
    </ClCompile>
    <ClCompile Include="mainGame.cpp">
      <Filter>Source Files</Filter>
    </ClCompile>
    <ClCompile Include="Entity.cpp">
      <Filter>Source Files\gameObj\entities</Filter>
    </ClCompile>
    <ClCompile Include="WallEntity.cpp">
      <Filter>Source Files\gameObj\entities</Filter>
    </ClCompile>
    <ClCompile Include="WallTexture.cpp">
      <Filter>Source Files\gameObj</Filter>
    </ClCompile>
    <ClCompile Include="GameException.cpp">
      <Filter>Source Files</Filter>
    </ClCompile>
    <ClCompile Include="DungeonGenerator.cpp">
      <Filter>Source Files\gameObj</Filter>
    </ClCompile>
    <ClCompile Include="TestGenerator.cpp">
      <Filter>Source Files\gameObj</Filter>
    </ClCompile>
    <ClCompile Include="LivingEntity.cpp">
      <Filter>Source Files\gameObj\entities</Filter>
    </ClCompile>
    <ClCompile Include="CharacterTexture.cpp">
      <Filter>Source Files\gameObj</Filter>
    </ClCompile>
    <ClCompile Include="PlayerEntity.cpp">
      <Filter>Source Files\gameObj\entities</Filter>
    </ClCompile>
    <ClCompile Include="Weapon.cpp">
      <Filter>Source Files</Filter>
    </ClCompile>
    <ClCompile Include="MeleeWeapon.cpp">
      <Filter>Source Files</Filter>
    </ClCompile>
    <ClCompile Include="TypicalMeleeWeapon.cpp">
      <Filter>Source Files</Filter>
    </ClCompile>
  </ItemGroup>
  <ItemGroup>
    <ClInclude Include="interfaces.h">
      <Filter>Header Files</Filter>
    </ClInclude>
    <ClInclude Include="LazySprite.h">
      <Filter>Header Files\gameObj\render</Filter>
    </ClInclude>
    <ClInclude Include="olcPGEX_TransformedView.h">
      <Filter>olc::PGE</Filter>
    </ClInclude>
    <ClInclude Include="ResourceManager.h">
      <Filter>Header Files\gameObj\render</Filter>
    </ClInclude>
    <ClInclude Include="olcPixelGameEngine.h">
      <Filter>olc::PGE</Filter>
    </ClInclude>
    <ClInclude Include="olc.h">
      <Filter>olc::PGE</Filter>
    </ClInclude>
    <ClInclude Include="ITexture.h">
      <Filter>Header Files\gameObj\render</Filter>
    </ClInclude>
    <ClInclude Include="SimpleSprite.h">
      <Filter>Header Files\gameObj\render</Filter>
    </ClInclude>
    <ClInclude Include="mainGame.h">
      <Filter>Header Files</Filter>
    </ClInclude>
    <ClInclude Include="resource.h">
      <Filter>Header Files</Filter>
    </ClInclude>
    <ClInclude Include="DynamicArray.hpp">
      <Filter>Header Files</Filter>
    </ClInclude>
    <ClInclude Include="Entity.h">
      <Filter>Header Files\gameObj\entities</Filter>
    </ClInclude>
    <ClInclude Include="WallEntity.h">
      <Filter>Header Files\gameObj\entities</Filter>
    </ClInclude>
    <ClInclude Include="WallTexture.h">
      <Filter>Header Files\gameObj\render</Filter>
    </ClInclude>
    <ClInclude Include="GameException.h">
      <Filter>Header Files</Filter>
    </ClInclude>
    <ClInclude Include="DungeonGenerator.h">
      <Filter>Header Files\gameObj\management</Filter>
    </ClInclude>
    <ClInclude Include="TestGenerator.h">
      <Filter>Header Files\gameObj\management</Filter>
    </ClInclude>
    <ClInclude Include="LivingEntity.h">
      <Filter>Header Files\gameObj\entities</Filter>
    </ClInclude>
    <ClInclude Include="CharacterTexture.h">
      <Filter>Header Files\gameObj\render</Filter>
    </ClInclude>
    <ClInclude Include="PlayerEntity.h">
      <Filter>Header Files\gameObj\entities</Filter>
    </ClInclude>
    <ClInclude Include="Weapon.h">
      <Filter>Header Files\gameObj\entities</Filter>
    </ClInclude>
    <ClInclude Include="MeleeWeapon.h">
      <Filter>Header Files\gameObj\entities</Filter>
    </ClInclude>
    <ClInclude Include="WeaponTextures.h">
      <Filter>Header Files\gameObj</Filter>
    </ClInclude>
    <ClInclude Include="TypicalMeleeWeapon.h">
      <Filter>Header Files</Filter>
    </ClInclude>
  </ItemGroup>
  <ItemGroup>
    <None Include="README.md">
      <Filter>Source Files</Filter>
    </None>
    <None Include="ClassDiagram.cd" />
  </ItemGroup>
</Project>